
Microsoft Visual Studio Solution File, Format Version 12.00
# Visual Studio 2013
VisualStudioVersion = 12.0.21005.1
MinimumVisualStudioVersion = 10.0.40219.1
Project("{2150E333-8FDC-42A3-9474-1A3956D46DE8}") = ".nuget", ".nuget", "{8C56BA50-B35B-4AA1-A207-47C1B9297381}"
	ProjectSection(SolutionItems) = preProject
		.nuget\packages.config = .nuget\packages.config
	EndProjectSection
EndProject
Project("{FAE04EC0-301F-11D3-BF4B-00C04F79EFBC}") = "XDDEasy.Domain", "XDDEasy.Domain\XDDEasy.Domain.csproj", "{B3A6FD69-B926-455D-85E9-345B212DECE0}"
EndProject
Project("{FAE04EC0-301F-11D3-BF4B-00C04F79EFBC}") = "XDDEasy.WGMain", "XDDEasy.Main\XDDEasy.WGMain.csproj", "{3DE93198-AE51-493E-A1BA-917AA2982D30}"
EndProject
Project("{2150E333-8FDC-42A3-9474-1A3956D46DE8}") = "Common", "Common", "{B3652F8B-0C20-4717-B9C4-9821E6EDA678}"
EndProject
Project("{FAE04EC0-301F-11D3-BF4B-00C04F79EFBC}") = "Common.EntityFramework", "Common.EntityFramework\Common.EntityFramework.csproj", "{7FA8F72D-21AF-4097-81F0-3296C188399F}"
EndProject
Project("{FAE04EC0-301F-11D3-BF4B-00C04F79EFBC}") = "Common.Exception", "Common.Exception\Common.Exception.csproj", "{4B26C2C9-35C1-4DA0-B03C-2402A64E884D}"
EndProject
Project("{FAE04EC0-301F-11D3-BF4B-00C04F79EFBC}") = "Common.Ioc", "Common.Ioc\Common.Ioc.csproj", "{35EE0CF9-7B17-4D2E-AC0F-067C55E06631}"
EndProject
Project("{FAE04EC0-301F-11D3-BF4B-00C04F79EFBC}") = "XDDEasy.WebApi.Host", "XDDEasy.WebApi.Host\XDDEasy.WebApi.Host.csproj", "{EF4A12DB-D700-4A21-A8C5-E499E7CC0690}"
EndProject
Project("{FAE04EC0-301F-11D3-BF4B-00C04F79EFBC}") = "Common.WebApi", "Common.WebApi\Common.WebApi.csproj", "{90C1E71F-0F67-4754-8F84-8612D0FDCD9D}"
EndProject
Project("{FAE04EC0-301F-11D3-BF4B-00C04F79EFBC}") = "XDDEasy.Contract", "XDDEasy.Contract\XDDEasy.Contract.csproj", "{87A49250-3FE2-4223-9501-2F7E53D163AE}"
EndProject
Project("{FAE04EC0-301F-11D3-BF4B-00C04F79EFBC}") = "Common.Models", "Common.Models\Common.Models.csproj", "{B32CCF0F-D5C5-4AE9-AE0E-51A5F216A751}"
EndProject
Project("{FAE04EC0-301F-11D3-BF4B-00C04F79EFBC}") = "Common.Mvc", "Common.Mvc\Common.Mvc.csproj", "{07949DE0-E7D7-4863-842B-8692218BF5FD}"
EndProject
Project("{FAE04EC0-301F-11D3-BF4B-00C04F79EFBC}") = "Common.Helper", "Common.Helper\Common.Helper.csproj", "{1C827D20-649D-4F09-A3B0-9865E78081B8}"
EndProject
Project("{FAE04EC0-301F-11D3-BF4B-00C04F79EFBC}") = "Common.Log", "Common.Log\Common.Log.csproj", "{882337A4-86C9-43E0-8971-306CE9972AC8}"
EndProject
Global
	GlobalSection(SolutionConfigurationPlatforms) = preSolution
		Debug|Any CPU = Debug|Any CPU
		Release|Any CPU = Release|Any CPU
	EndGlobalSection
	GlobalSection(ProjectConfigurationPlatforms) = postSolution
		{B3A6FD69-B926-455D-85E9-345B212DECE0}.Debug|Any CPU.ActiveCfg = Debug|Any CPU
		{B3A6FD69-B926-455D-85E9-345B212DECE0}.Debug|Any CPU.Build.0 = Debug|Any CPU
		{B3A6FD69-B926-455D-85E9-345B212DECE0}.Release|Any CPU.ActiveCfg = Release|Any CPU
		{B3A6FD69-B926-455D-85E9-345B212DECE0}.Release|Any CPU.Build.0 = Release|Any CPU
		{3DE93198-AE51-493E-A1BA-917AA2982D30}.Debug|Any CPU.ActiveCfg = Debug|Any CPU
		{3DE93198-AE51-493E-A1BA-917AA2982D30}.Debug|Any CPU.Build.0 = Debug|Any CPU
		{3DE93198-AE51-493E-A1BA-917AA2982D30}.Release|Any CPU.ActiveCfg = Release|Any CPU
		{3DE93198-AE51-493E-A1BA-917AA2982D30}.Release|Any CPU.Build.0 = Release|Any CPU
		{7FA8F72D-21AF-4097-81F0-3296C188399F}.Debug|Any CPU.ActiveCfg = Debug|Any CPU
		{7FA8F72D-21AF-4097-81F0-3296C188399F}.Debug|Any CPU.Build.0 = Debug|Any CPU
		{7FA8F72D-21AF-4097-81F0-3296C188399F}.Release|Any CPU.ActiveCfg = Release|Any CPU
		{7FA8F72D-21AF-4097-81F0-3296C188399F}.Release|Any CPU.Build.0 = Release|Any CPU
		{4B26C2C9-35C1-4DA0-B03C-2402A64E884D}.Debug|Any CPU.ActiveCfg = Debug|Any CPU
		{4B26C2C9-35C1-4DA0-B03C-2402A64E884D}.Debug|Any CPU.Build.0 = Debug|Any CPU
		{4B26C2C9-35C1-4DA0-B03C-2402A64E884D}.Release|Any CPU.ActiveCfg = Release|Any CPU
		{4B26C2C9-35C1-4DA0-B03C-2402A64E884D}.Release|Any CPU.Build.0 = Release|Any CPU
		{35EE0CF9-7B17-4D2E-AC0F-067C55E06631}.Debug|Any CPU.ActiveCfg = Debug|Any CPU
		{35EE0CF9-7B17-4D2E-AC0F-067C55E06631}.Debug|Any CPU.Build.0 = Debug|Any CPU
		{35EE0CF9-7B17-4D2E-AC0F-067C55E06631}.Release|Any CPU.ActiveCfg = Release|Any CPU
		{35EE0CF9-7B17-4D2E-AC0F-067C55E06631}.Release|Any CPU.Build.0 = Release|Any CPU
		{EF4A12DB-D700-4A21-A8C5-E499E7CC0690}.Debug|Any CPU.ActiveCfg = Debug|Any CPU
		{EF4A12DB-D700-4A21-A8C5-E499E7CC0690}.Debug|Any CPU.Build.0 = Debug|Any CPU
		{EF4A12DB-D700-4A21-A8C5-E499E7CC0690}.Release|Any CPU.ActiveCfg = Release|Any CPU
		{EF4A12DB-D700-4A21-A8C5-E499E7CC0690}.Release|Any CPU.Build.0 = Release|Any CPU
		{90C1E71F-0F67-4754-8F84-8612D0FDCD9D}.Debug|Any CPU.ActiveCfg = Debug|Any CPU
		{90C1E71F-0F67-4754-8F84-8612D0FDCD9D}.Debug|Any CPU.Build.0 = Debug|Any CPU
		{90C1E71F-0F67-4754-8F84-8612D0FDCD9D}.Release|Any CPU.ActiveCfg = Release|Any CPU
		{90C1E71F-0F67-4754-8F84-8612D0FDCD9D}.Release|Any CPU.Build.0 = Release|Any CPU
		{87A49250-3FE2-4223-9501-2F7E53D163AE}.Debug|Any CPU.ActiveCfg = Debug|Any CPU
		{87A49250-3FE2-4223-9501-2F7E53D163AE}.Debug|Any CPU.Build.0 = Debug|Any CPU
		{87A49250-3FE2-4223-9501-2F7E53D163AE}.Release|Any CPU.ActiveCfg = Release|Any CPU
		{87A49250-3FE2-4223-9501-2F7E53D163AE}.Release|Any CPU.Build.0 = Release|Any CPU
		{B32CCF0F-D5C5-4AE9-AE0E-51A5F216A751}.Debug|Any CPU.ActiveCfg = Debug|Any CPU
		{B32CCF0F-D5C5-4AE9-AE0E-51A5F216A751}.Debug|Any CPU.Build.0 = Debug|Any CPU
		{B32CCF0F-D5C5-4AE9-AE0E-51A5F216A751}.Release|Any CPU.ActiveCfg = Release|Any CPU
		{B32CCF0F-D5C5-4AE9-AE0E-51A5F216A751}.Release|Any CPU.Build.0 = Release|Any CPU
		{07949DE0-E7D7-4863-842B-8692218BF5FD}.Debug|Any CPU.ActiveCfg = Debug|Any CPU
		{07949DE0-E7D7-4863-842B-8692218BF5FD}.Debug|Any CPU.Build.0 = Debug|Any CPU
		{07949DE0-E7D7-4863-842B-8692218BF5FD}.Release|Any CPU.ActiveCfg = Release|Any CPU
		{07949DE0-E7D7-4863-842B-8692218BF5FD}.Release|Any CPU.Build.0 = Release|Any CPU
		{1C827D20-649D-4F09-A3B0-9865E78081B8}.Debug|Any CPU.ActiveCfg = Debug|Any CPU
		{1C827D20-649D-4F09-A3B0-9865E78081B8}.Debug|Any CPU.Build.0 = Debug|Any CPU
		{1C827D20-649D-4F09-A3B0-9865E78081B8}.Release|Any CPU.ActiveCfg = Release|Any CPU
		{1C827D20-649D-4F09-A3B0-9865E78081B8}.Release|Any CPU.Build.0 = Release|Any CPU
		{882337A4-86C9-43E0-8971-306CE9972AC8}.Debug|Any CPU.ActiveCfg = Debug|Any CPU
		{882337A4-86C9-43E0-8971-306CE9972AC8}.Debug|Any CPU.Build.0 = Debug|Any CPU
		{882337A4-86C9-43E0-8971-306CE9972AC8}.Release|Any CPU.ActiveCfg = Release|Any CPU
		{882337A4-86C9-43E0-8971-306CE9972AC8}.Release|Any CPU.Build.0 = Release|Any CPU
	EndGlobalSection
	GlobalSection(SolutionProperties) = preSolution
		HideSolutionNode = FALSE
	EndGlobalSection
	GlobalSection(NestedProjects) = preSolution
		{7FA8F72D-21AF-4097-81F0-3296C188399F} = {B3652F8B-0C20-4717-B9C4-9821E6EDA678}
		{4B26C2C9-35C1-4DA0-B03C-2402A64E884D} = {B3652F8B-0C20-4717-B9C4-9821E6EDA678}
		{35EE0CF9-7B17-4D2E-AC0F-067C55E06631} = {B3652F8B-0C20-4717-B9C4-9821E6EDA678}
		{90C1E71F-0F67-4754-8F84-8612D0FDCD9D} = {B3652F8B-0C20-4717-B9C4-9821E6EDA678}
		{B32CCF0F-D5C5-4AE9-AE0E-51A5F216A751} = {B3652F8B-0C20-4717-B9C4-9821E6EDA678}
		{07949DE0-E7D7-4863-842B-8692218BF5FD} = {B3652F8B-0C20-4717-B9C4-9821E6EDA678}
		{1C827D20-649D-4F09-A3B0-9865E78081B8} = {B3652F8B-0C20-4717-B9C4-9821E6EDA678}
		{882337A4-86C9-43E0-8971-306CE9972AC8} = {B3652F8B-0C20-4717-B9C4-9821E6EDA678}
	EndGlobalSection
EndGlobal
